
Microsoft Visual Studio Solution File, Format Version 12.00
# Visual Studio 14
VisualStudioVersion = 14.0.22823.1
MinimumVisualStudioVersion = 10.0.40219.1
Project("{FAE04EC0-301F-11D3-BF4B-00C04F79EFBC}") = "RGBLed", "RGBLed\RGBLed.csproj", "{59DF6A30-8232-49F6-B0A6-1A022BF514F6}"
EndProject
Project("{2150E333-8FDC-42A3-9474-1A3956D46DE8}") = "Solution Items", "Solution Items", "{79229D57-5288-449B-BD89-323AA0CF6966}"
	ProjectSection(SolutionItems) = preProject
		..\README.md = ..\README.md
	EndProjectSection
EndProject
Project("{FAE04EC0-301F-11D3-BF4B-00C04F79EFBC}") = "BasicThemometer", "BasicThemometer\BasicThemometer.csproj", "{CC94A98C-99B7-4B37-BEE4-3929F164062E}"
EndProject
Project("{FAE04EC0-301F-11D3-BF4B-00C04F79EFBC}") = "FanMotor", "FanMotor\FanMotor.csproj", "{546886C0-6869-4668-9240-B42B0FBD7066}"
EndProject
Global
	GlobalSection(SolutionConfigurationPlatforms) = preSolution
		Debug|ARM = Debug|ARM
		Debug|x64 = Debug|x64
		Debug|x86 = Debug|x86
		Release|ARM = Release|ARM
		Release|x64 = Release|x64
		Release|x86 = Release|x86
	EndGlobalSection
	GlobalSection(ProjectConfigurationPlatforms) = postSolution
		{59DF6A30-8232-49F6-B0A6-1A022BF514F6}.Debug|ARM.ActiveCfg = Debug|ARM
		{59DF6A30-8232-49F6-B0A6-1A022BF514F6}.Debug|ARM.Build.0 = Debug|ARM
		{59DF6A30-8232-49F6-B0A6-1A022BF514F6}.Debug|ARM.Deploy.0 = Debug|ARM
		{59DF6A30-8232-49F6-B0A6-1A022BF514F6}.Debug|x64.ActiveCfg = Debug|x64
		{59DF6A30-8232-49F6-B0A6-1A022BF514F6}.Debug|x64.Build.0 = Debug|x64
		{59DF6A30-8232-49F6-B0A6-1A022BF514F6}.Debug|x64.Deploy.0 = Debug|x64
		{59DF6A30-8232-49F6-B0A6-1A022BF514F6}.Debug|x86.ActiveCfg = Debug|x86
		{59DF6A30-8232-49F6-B0A6-1A022BF514F6}.Debug|x86.Build.0 = Debug|x86
		{59DF6A30-8232-49F6-B0A6-1A022BF514F6}.Debug|x86.Deploy.0 = Debug|x86
		{59DF6A30-8232-49F6-B0A6-1A022BF514F6}.Release|ARM.ActiveCfg = Release|ARM
		{59DF6A30-8232-49F6-B0A6-1A022BF514F6}.Release|ARM.Build.0 = Release|ARM
		{59DF6A30-8232-49F6-B0A6-1A022BF514F6}.Release|ARM.Deploy.0 = Release|ARM
		{59DF6A30-8232-49F6-B0A6-1A022BF514F6}.Release|x64.ActiveCfg = Release|x64
		{59DF6A30-8232-49F6-B0A6-1A022BF514F6}.Release|x64.Build.0 = Release|x64
		{59DF6A30-8232-49F6-B0A6-1A022BF514F6}.Release|x64.Deploy.0 = Release|x64
		{59DF6A30-8232-49F6-B0A6-1A022BF514F6}.Release|x86.ActiveCfg = Release|x86
		{59DF6A30-8232-49F6-B0A6-1A022BF514F6}.Release|x86.Build.0 = Release|x86
		{59DF6A30-8232-49F6-B0A6-1A022BF514F6}.Release|x86.Deploy.0 = Release|x86
		{CC94A98C-99B7-4B37-BEE4-3929F164062E}.Debug|ARM.ActiveCfg = Debug|ARM
		{CC94A98C-99B7-4B37-BEE4-3929F164062E}.Debug|ARM.Build.0 = Debug|ARM
		{CC94A98C-99B7-4B37-BEE4-3929F164062E}.Debug|ARM.Deploy.0 = Debug|ARM
		{CC94A98C-99B7-4B37-BEE4-3929F164062E}.Debug|x64.ActiveCfg = Debug|x64
		{CC94A98C-99B7-4B37-BEE4-3929F164062E}.Debug|x64.Build.0 = Debug|x64
		{CC94A98C-99B7-4B37-BEE4-3929F164062E}.Debug|x64.Deploy.0 = Debug|x64
		{CC94A98C-99B7-4B37-BEE4-3929F164062E}.Debug|x86.ActiveCfg = Debug|x86
		{CC94A98C-99B7-4B37-BEE4-3929F164062E}.Debug|x86.Build.0 = Debug|x86
		{CC94A98C-99B7-4B37-BEE4-3929F164062E}.Debug|x86.Deploy.0 = Debug|x86
		{CC94A98C-99B7-4B37-BEE4-3929F164062E}.Release|ARM.ActiveCfg = Release|ARM
		{CC94A98C-99B7-4B37-BEE4-3929F164062E}.Release|ARM.Build.0 = Release|ARM
		{CC94A98C-99B7-4B37-BEE4-3929F164062E}.Release|ARM.Deploy.0 = Release|ARM
		{CC94A98C-99B7-4B37-BEE4-3929F164062E}.Release|x64.ActiveCfg = Release|x64
		{CC94A98C-99B7-4B37-BEE4-3929F164062E}.Release|x64.Build.0 = Release|x64
		{CC94A98C-99B7-4B37-BEE4-3929F164062E}.Release|x64.Deploy.0 = Release|x64
		{CC94A98C-99B7-4B37-BEE4-3929F164062E}.Release|x86.ActiveCfg = Release|x86
		{CC94A98C-99B7-4B37-BEE4-3929F164062E}.Release|x86.Build.0 = Release|x86
		{CC94A98C-99B7-4B37-BEE4-3929F164062E}.Release|x86.Deploy.0 = Release|x86
		{546886C0-6869-4668-9240-B42B0FBD7066}.Debug|ARM.ActiveCfg = Debug|ARM
		{546886C0-6869-4668-9240-B42B0FBD7066}.Debug|ARM.Build.0 = Debug|ARM
		{546886C0-6869-4668-9240-B42B0FBD7066}.Debug|ARM.Deploy.0 = Debug|ARM
		{546886C0-6869-4668-9240-B42B0FBD7066}.Debug|x64.ActiveCfg = Debug|x64
		{546886C0-6869-4668-9240-B42B0FBD7066}.Debug|x64.Build.0 = Debug|x64
		{546886C0-6869-4668-9240-B42B0FBD7066}.Debug|x64.Deploy.0 = Debug|x64
		{546886C0-6869-4668-9240-B42B0FBD7066}.Debug|x86.ActiveCfg = Debug|x86
		{546886C0-6869-4668-9240-B42B0FBD7066}.Debug|x86.Build.0 = Debug|x86
		{546886C0-6869-4668-9240-B42B0FBD7066}.Debug|x86.Deploy.0 = Debug|x86
		{546886C0-6869-4668-9240-B42B0FBD7066}.Release|ARM.ActiveCfg = Release|ARM
		{546886C0-6869-4668-9240-B42B0FBD7066}.Release|ARM.Build.0 = Release|ARM
		{546886C0-6869-4668-9240-B42B0FBD7066}.Release|ARM.Deploy.0 = Release|ARM
		{546886C0-6869-4668-9240-B42B0FBD7066}.Release|x64.ActiveCfg = Release|x64
		{546886C0-6869-4668-9240-B42B0FBD7066}.Release|x64.Build.0 = Release|x64
		{546886C0-6869-4668-9240-B42B0FBD7066}.Release|x64.Deploy.0 = Release|x64
		{546886C0-6869-4668-9240-B42B0FBD7066}.Release|x86.ActiveCfg = Release|x86
		{546886C0-6869-4668-9240-B42B0FBD7066}.Release|x86.Build.0 = Release|x86
		{546886C0-6869-4668-9240-B42B0FBD7066}.Release|x86.Deploy.0 = Release|x86
	EndGlobalSection
	GlobalSection(SolutionProperties) = preSolution
		HideSolutionNode = FALSE
	EndGlobalSection
EndGlobal
