
Microsoft Visual Studio Solution File, Format Version 12.00
# Visual Studio 14
VisualStudioVersion = 14.0.22823.1
MinimumVisualStudioVersion = 10.0.40219.1
Project("{FAE04EC0-301F-11D3-BF4B-00C04F79EFBC}") = "RGBLed", "RGBLed\RGBLed.csproj", "{59DF6A30-8232-49F6-B0A6-1A022BF514F6}"
EndProject
Project("{2150E333-8FDC-42A3-9474-1A3956D46DE8}") = "Solution Items", "Solution Items", "{79229D57-5288-449B-BD89-323AA0CF6966}"
	ProjectSection(SolutionItems) = preProject
		..\README.md = ..\README.md
	EndProjectSection
EndProject
Project("{FAE04EC0-301F-11D3-BF4B-00C04F79EFBC}") = "BasicThemometer", "BasicThemometer\BasicThemometer.csproj", "{CC94A98C-99B7-4B37-BEE4-3929F164062E}"
EndProject
Project("{FAE04EC0-301F-11D3-BF4B-00C04F79EFBC}") = "FanMotor", "FanMotor\FanMotor.csproj", "{546886C0-6869-4668-9240-B42B0FBD7066}"
EndProject
Project("{FAE04EC0-301F-11D3-BF4B-00C04F79EFBC}") = "Potentiometer", "Potentiometer\Potentiometer.csproj", "{304ACDB0-40A6-4942-8D1E-D56CA5525E47}"
EndProject
Project("{FAE04EC0-301F-11D3-BF4B-00C04F79EFBC}") = "SPIThermometer", "SPIChildsQuick\SPIThermometer.csproj", "{DAE6A17B-9969-411D-8D27-37FBDED1BF3D}"
EndProject
Project("{FAE04EC0-301F-11D3-BF4B-00C04F79EFBC}") = "IoT", "IoT\IoT.csproj", "{777CC1EC-FAF1-4A5C-8225-29BD2597BE2A}"
EndProject
Project("{FAE04EC0-301F-11D3-BF4B-00C04F79EFBC}") = "RemoteGpios", "RemoteGpios\RemoteGpios.csproj", "{30210430-A29F-4B6E-8F1E-F381E1A3E756}"
EndProject
Project("{FAE04EC0-301F-11D3-BF4B-00C04F79EFBC}") = "MotionTracker", "MotionTracker\MotionTracker.csproj", "{FC4F32DC-C1AC-4CC0-A6F2-AD97F46185B3}"
EndProject
Project("{FAE04EC0-301F-11D3-BF4B-00C04F79EFBC}") = "RelayAutomation", "RelayAutomation\RelayAutomation.csproj", "{14128B7C-3049-4D73-B69F-84ED451FCE9F}"
EndProject
Global
	GlobalSection(SolutionConfigurationPlatforms) = preSolution
		Debug|Any CPU = Debug|Any CPU
		Debug|ARM = Debug|ARM
		Debug|x64 = Debug|x64
		Debug|x86 = Debug|x86
		Release|Any CPU = Release|Any CPU
		Release|ARM = Release|ARM
		Release|x64 = Release|x64
		Release|x86 = Release|x86
	EndGlobalSection
	GlobalSection(ProjectConfigurationPlatforms) = postSolution
		{59DF6A30-8232-49F6-B0A6-1A022BF514F6}.Debug|Any CPU.ActiveCfg = Debug|x86
		{59DF6A30-8232-49F6-B0A6-1A022BF514F6}.Debug|ARM.ActiveCfg = Debug|ARM
		{59DF6A30-8232-49F6-B0A6-1A022BF514F6}.Debug|ARM.Build.0 = Debug|ARM
		{59DF6A30-8232-49F6-B0A6-1A022BF514F6}.Debug|ARM.Deploy.0 = Debug|ARM
		{59DF6A30-8232-49F6-B0A6-1A022BF514F6}.Debug|x64.ActiveCfg = Debug|x64
		{59DF6A30-8232-49F6-B0A6-1A022BF514F6}.Debug|x64.Build.0 = Debug|x64
		{59DF6A30-8232-49F6-B0A6-1A022BF514F6}.Debug|x64.Deploy.0 = Debug|x64
		{59DF6A30-8232-49F6-B0A6-1A022BF514F6}.Debug|x86.ActiveCfg = Debug|x86
		{59DF6A30-8232-49F6-B0A6-1A022BF514F6}.Debug|x86.Build.0 = Debug|x86
		{59DF6A30-8232-49F6-B0A6-1A022BF514F6}.Debug|x86.Deploy.0 = Debug|x86
		{59DF6A30-8232-49F6-B0A6-1A022BF514F6}.Release|Any CPU.ActiveCfg = Release|x86
		{59DF6A30-8232-49F6-B0A6-1A022BF514F6}.Release|ARM.ActiveCfg = Release|ARM
		{59DF6A30-8232-49F6-B0A6-1A022BF514F6}.Release|ARM.Build.0 = Release|ARM
		{59DF6A30-8232-49F6-B0A6-1A022BF514F6}.Release|ARM.Deploy.0 = Release|ARM
		{59DF6A30-8232-49F6-B0A6-1A022BF514F6}.Release|x64.ActiveCfg = Release|x64
		{59DF6A30-8232-49F6-B0A6-1A022BF514F6}.Release|x64.Build.0 = Release|x64
		{59DF6A30-8232-49F6-B0A6-1A022BF514F6}.Release|x64.Deploy.0 = Release|x64
		{59DF6A30-8232-49F6-B0A6-1A022BF514F6}.Release|x86.ActiveCfg = Release|x86
		{59DF6A30-8232-49F6-B0A6-1A022BF514F6}.Release|x86.Build.0 = Release|x86
		{59DF6A30-8232-49F6-B0A6-1A022BF514F6}.Release|x86.Deploy.0 = Release|x86
		{CC94A98C-99B7-4B37-BEE4-3929F164062E}.Debug|Any CPU.ActiveCfg = Debug|x86
		{CC94A98C-99B7-4B37-BEE4-3929F164062E}.Debug|ARM.ActiveCfg = Debug|ARM
		{CC94A98C-99B7-4B37-BEE4-3929F164062E}.Debug|ARM.Build.0 = Debug|ARM
		{CC94A98C-99B7-4B37-BEE4-3929F164062E}.Debug|ARM.Deploy.0 = Debug|ARM
		{CC94A98C-99B7-4B37-BEE4-3929F164062E}.Debug|x64.ActiveCfg = Debug|x64
		{CC94A98C-99B7-4B37-BEE4-3929F164062E}.Debug|x64.Build.0 = Debug|x64
		{CC94A98C-99B7-4B37-BEE4-3929F164062E}.Debug|x64.Deploy.0 = Debug|x64
		{CC94A98C-99B7-4B37-BEE4-3929F164062E}.Debug|x86.ActiveCfg = Debug|x86
		{CC94A98C-99B7-4B37-BEE4-3929F164062E}.Debug|x86.Build.0 = Debug|x86
		{CC94A98C-99B7-4B37-BEE4-3929F164062E}.Debug|x86.Deploy.0 = Debug|x86
		{CC94A98C-99B7-4B37-BEE4-3929F164062E}.Release|Any CPU.ActiveCfg = Release|x86
		{CC94A98C-99B7-4B37-BEE4-3929F164062E}.Release|ARM.ActiveCfg = Release|ARM
		{CC94A98C-99B7-4B37-BEE4-3929F164062E}.Release|ARM.Build.0 = Release|ARM
		{CC94A98C-99B7-4B37-BEE4-3929F164062E}.Release|ARM.Deploy.0 = Release|ARM
		{CC94A98C-99B7-4B37-BEE4-3929F164062E}.Release|x64.ActiveCfg = Release|x64
		{CC94A98C-99B7-4B37-BEE4-3929F164062E}.Release|x64.Build.0 = Release|x64
		{CC94A98C-99B7-4B37-BEE4-3929F164062E}.Release|x64.Deploy.0 = Release|x64
		{CC94A98C-99B7-4B37-BEE4-3929F164062E}.Release|x86.ActiveCfg = Release|x86
		{CC94A98C-99B7-4B37-BEE4-3929F164062E}.Release|x86.Build.0 = Release|x86
		{CC94A98C-99B7-4B37-BEE4-3929F164062E}.Release|x86.Deploy.0 = Release|x86
		{546886C0-6869-4668-9240-B42B0FBD7066}.Debug|Any CPU.ActiveCfg = Debug|x86
		{546886C0-6869-4668-9240-B42B0FBD7066}.Debug|ARM.ActiveCfg = Debug|ARM
		{546886C0-6869-4668-9240-B42B0FBD7066}.Debug|ARM.Build.0 = Debug|ARM
		{546886C0-6869-4668-9240-B42B0FBD7066}.Debug|ARM.Deploy.0 = Debug|ARM
		{546886C0-6869-4668-9240-B42B0FBD7066}.Debug|x64.ActiveCfg = Debug|x64
		{546886C0-6869-4668-9240-B42B0FBD7066}.Debug|x64.Build.0 = Debug|x64
		{546886C0-6869-4668-9240-B42B0FBD7066}.Debug|x64.Deploy.0 = Debug|x64
		{546886C0-6869-4668-9240-B42B0FBD7066}.Debug|x86.ActiveCfg = Debug|x86
		{546886C0-6869-4668-9240-B42B0FBD7066}.Debug|x86.Build.0 = Debug|x86
		{546886C0-6869-4668-9240-B42B0FBD7066}.Debug|x86.Deploy.0 = Debug|x86
		{546886C0-6869-4668-9240-B42B0FBD7066}.Release|Any CPU.ActiveCfg = Release|x86
		{546886C0-6869-4668-9240-B42B0FBD7066}.Release|ARM.ActiveCfg = Release|ARM
		{546886C0-6869-4668-9240-B42B0FBD7066}.Release|ARM.Build.0 = Release|ARM
		{546886C0-6869-4668-9240-B42B0FBD7066}.Release|ARM.Deploy.0 = Release|ARM
		{546886C0-6869-4668-9240-B42B0FBD7066}.Release|x64.ActiveCfg = Release|x64
		{546886C0-6869-4668-9240-B42B0FBD7066}.Release|x64.Build.0 = Release|x64
		{546886C0-6869-4668-9240-B42B0FBD7066}.Release|x64.Deploy.0 = Release|x64
		{546886C0-6869-4668-9240-B42B0FBD7066}.Release|x86.ActiveCfg = Release|x86
		{546886C0-6869-4668-9240-B42B0FBD7066}.Release|x86.Build.0 = Release|x86
		{546886C0-6869-4668-9240-B42B0FBD7066}.Release|x86.Deploy.0 = Release|x86
		{304ACDB0-40A6-4942-8D1E-D56CA5525E47}.Debug|Any CPU.ActiveCfg = Debug|x86
		{304ACDB0-40A6-4942-8D1E-D56CA5525E47}.Debug|ARM.ActiveCfg = Debug|ARM
		{304ACDB0-40A6-4942-8D1E-D56CA5525E47}.Debug|ARM.Build.0 = Debug|ARM
		{304ACDB0-40A6-4942-8D1E-D56CA5525E47}.Debug|ARM.Deploy.0 = Debug|ARM
		{304ACDB0-40A6-4942-8D1E-D56CA5525E47}.Debug|x64.ActiveCfg = Debug|x64
		{304ACDB0-40A6-4942-8D1E-D56CA5525E47}.Debug|x64.Build.0 = Debug|x64
		{304ACDB0-40A6-4942-8D1E-D56CA5525E47}.Debug|x64.Deploy.0 = Debug|x64
		{304ACDB0-40A6-4942-8D1E-D56CA5525E47}.Debug|x86.ActiveCfg = Debug|x86
		{304ACDB0-40A6-4942-8D1E-D56CA5525E47}.Debug|x86.Build.0 = Debug|x86
		{304ACDB0-40A6-4942-8D1E-D56CA5525E47}.Debug|x86.Deploy.0 = Debug|x86
		{304ACDB0-40A6-4942-8D1E-D56CA5525E47}.Release|Any CPU.ActiveCfg = Release|x86
		{304ACDB0-40A6-4942-8D1E-D56CA5525E47}.Release|ARM.ActiveCfg = Release|ARM
		{304ACDB0-40A6-4942-8D1E-D56CA5525E47}.Release|ARM.Build.0 = Release|ARM
		{304ACDB0-40A6-4942-8D1E-D56CA5525E47}.Release|ARM.Deploy.0 = Release|ARM
		{304ACDB0-40A6-4942-8D1E-D56CA5525E47}.Release|x64.ActiveCfg = Release|x64
		{304ACDB0-40A6-4942-8D1E-D56CA5525E47}.Release|x64.Build.0 = Release|x64
		{304ACDB0-40A6-4942-8D1E-D56CA5525E47}.Release|x64.Deploy.0 = Release|x64
		{304ACDB0-40A6-4942-8D1E-D56CA5525E47}.Release|x86.ActiveCfg = Release|x86
		{304ACDB0-40A6-4942-8D1E-D56CA5525E47}.Release|x86.Build.0 = Release|x86
		{304ACDB0-40A6-4942-8D1E-D56CA5525E47}.Release|x86.Deploy.0 = Release|x86
		{DAE6A17B-9969-411D-8D27-37FBDED1BF3D}.Debug|Any CPU.ActiveCfg = Debug|x86
		{DAE6A17B-9969-411D-8D27-37FBDED1BF3D}.Debug|ARM.ActiveCfg = Debug|ARM
		{DAE6A17B-9969-411D-8D27-37FBDED1BF3D}.Debug|ARM.Build.0 = Debug|ARM
		{DAE6A17B-9969-411D-8D27-37FBDED1BF3D}.Debug|ARM.Deploy.0 = Debug|ARM
		{DAE6A17B-9969-411D-8D27-37FBDED1BF3D}.Debug|x64.ActiveCfg = Debug|x64
		{DAE6A17B-9969-411D-8D27-37FBDED1BF3D}.Debug|x64.Build.0 = Debug|x64
		{DAE6A17B-9969-411D-8D27-37FBDED1BF3D}.Debug|x64.Deploy.0 = Debug|x64
		{DAE6A17B-9969-411D-8D27-37FBDED1BF3D}.Debug|x86.ActiveCfg = Debug|x86
		{DAE6A17B-9969-411D-8D27-37FBDED1BF3D}.Debug|x86.Build.0 = Debug|x86
		{DAE6A17B-9969-411D-8D27-37FBDED1BF3D}.Debug|x86.Deploy.0 = Debug|x86
		{DAE6A17B-9969-411D-8D27-37FBDED1BF3D}.Release|Any CPU.ActiveCfg = Release|x86
		{DAE6A17B-9969-411D-8D27-37FBDED1BF3D}.Release|ARM.ActiveCfg = Release|ARM
		{DAE6A17B-9969-411D-8D27-37FBDED1BF3D}.Release|ARM.Build.0 = Release|ARM
		{DAE6A17B-9969-411D-8D27-37FBDED1BF3D}.Release|ARM.Deploy.0 = Release|ARM
		{DAE6A17B-9969-411D-8D27-37FBDED1BF3D}.Release|x64.ActiveCfg = Release|x64
		{DAE6A17B-9969-411D-8D27-37FBDED1BF3D}.Release|x64.Build.0 = Release|x64
		{DAE6A17B-9969-411D-8D27-37FBDED1BF3D}.Release|x64.Deploy.0 = Release|x64
		{DAE6A17B-9969-411D-8D27-37FBDED1BF3D}.Release|x86.ActiveCfg = Release|x86
		{DAE6A17B-9969-411D-8D27-37FBDED1BF3D}.Release|x86.Build.0 = Release|x86
		{DAE6A17B-9969-411D-8D27-37FBDED1BF3D}.Release|x86.Deploy.0 = Release|x86
		{777CC1EC-FAF1-4A5C-8225-29BD2597BE2A}.Debug|Any CPU.ActiveCfg = Debug|Any CPU
		{777CC1EC-FAF1-4A5C-8225-29BD2597BE2A}.Debug|Any CPU.Build.0 = Debug|Any CPU
		{777CC1EC-FAF1-4A5C-8225-29BD2597BE2A}.Debug|ARM.ActiveCfg = Debug|ARM
		{777CC1EC-FAF1-4A5C-8225-29BD2597BE2A}.Debug|ARM.Build.0 = Debug|ARM
		{777CC1EC-FAF1-4A5C-8225-29BD2597BE2A}.Debug|x64.ActiveCfg = Debug|x64
		{777CC1EC-FAF1-4A5C-8225-29BD2597BE2A}.Debug|x64.Build.0 = Debug|x64
		{777CC1EC-FAF1-4A5C-8225-29BD2597BE2A}.Debug|x86.ActiveCfg = Debug|x86
		{777CC1EC-FAF1-4A5C-8225-29BD2597BE2A}.Debug|x86.Build.0 = Debug|x86
		{777CC1EC-FAF1-4A5C-8225-29BD2597BE2A}.Release|Any CPU.ActiveCfg = Release|Any CPU
		{777CC1EC-FAF1-4A5C-8225-29BD2597BE2A}.Release|Any CPU.Build.0 = Release|Any CPU
		{777CC1EC-FAF1-4A5C-8225-29BD2597BE2A}.Release|ARM.ActiveCfg = Release|ARM
		{777CC1EC-FAF1-4A5C-8225-29BD2597BE2A}.Release|ARM.Build.0 = Release|ARM
		{777CC1EC-FAF1-4A5C-8225-29BD2597BE2A}.Release|x64.ActiveCfg = Release|x64
		{777CC1EC-FAF1-4A5C-8225-29BD2597BE2A}.Release|x64.Build.0 = Release|x64
		{777CC1EC-FAF1-4A5C-8225-29BD2597BE2A}.Release|x86.ActiveCfg = Release|x86
		{777CC1EC-FAF1-4A5C-8225-29BD2597BE2A}.Release|x86.Build.0 = Release|x86
		{30210430-A29F-4B6E-8F1E-F381E1A3E756}.Debug|Any CPU.ActiveCfg = Debug|x86
		{30210430-A29F-4B6E-8F1E-F381E1A3E756}.Debug|ARM.ActiveCfg = Debug|ARM
		{30210430-A29F-4B6E-8F1E-F381E1A3E756}.Debug|ARM.Build.0 = Debug|ARM
		{30210430-A29F-4B6E-8F1E-F381E1A3E756}.Debug|ARM.Deploy.0 = Debug|ARM
		{30210430-A29F-4B6E-8F1E-F381E1A3E756}.Debug|x64.ActiveCfg = Debug|x64
		{30210430-A29F-4B6E-8F1E-F381E1A3E756}.Debug|x64.Build.0 = Debug|x64
		{30210430-A29F-4B6E-8F1E-F381E1A3E756}.Debug|x64.Deploy.0 = Debug|x64
		{30210430-A29F-4B6E-8F1E-F381E1A3E756}.Debug|x86.ActiveCfg = Debug|x86
		{30210430-A29F-4B6E-8F1E-F381E1A3E756}.Debug|x86.Build.0 = Debug|x86
		{30210430-A29F-4B6E-8F1E-F381E1A3E756}.Debug|x86.Deploy.0 = Debug|x86
		{30210430-A29F-4B6E-8F1E-F381E1A3E756}.Release|Any CPU.ActiveCfg = Release|x86
		{30210430-A29F-4B6E-8F1E-F381E1A3E756}.Release|ARM.ActiveCfg = Release|ARM
		{30210430-A29F-4B6E-8F1E-F381E1A3E756}.Release|ARM.Build.0 = Release|ARM
		{30210430-A29F-4B6E-8F1E-F381E1A3E756}.Release|ARM.Deploy.0 = Release|ARM
		{30210430-A29F-4B6E-8F1E-F381E1A3E756}.Release|x64.ActiveCfg = Release|x64
		{30210430-A29F-4B6E-8F1E-F381E1A3E756}.Release|x64.Build.0 = Release|x64
		{30210430-A29F-4B6E-8F1E-F381E1A3E756}.Release|x64.Deploy.0 = Release|x64
		{30210430-A29F-4B6E-8F1E-F381E1A3E756}.Release|x86.ActiveCfg = Release|x86
		{30210430-A29F-4B6E-8F1E-F381E1A3E756}.Release|x86.Build.0 = Release|x86
		{30210430-A29F-4B6E-8F1E-F381E1A3E756}.Release|x86.Deploy.0 = Release|x86
		{FC4F32DC-C1AC-4CC0-A6F2-AD97F46185B3}.Debug|Any CPU.ActiveCfg = Debug|x86
		{FC4F32DC-C1AC-4CC0-A6F2-AD97F46185B3}.Debug|ARM.ActiveCfg = Debug|ARM
		{FC4F32DC-C1AC-4CC0-A6F2-AD97F46185B3}.Debug|ARM.Build.0 = Debug|ARM
		{FC4F32DC-C1AC-4CC0-A6F2-AD97F46185B3}.Debug|ARM.Deploy.0 = Debug|ARM
		{FC4F32DC-C1AC-4CC0-A6F2-AD97F46185B3}.Debug|x64.ActiveCfg = Debug|x64
		{FC4F32DC-C1AC-4CC0-A6F2-AD97F46185B3}.Debug|x64.Build.0 = Debug|x64
		{FC4F32DC-C1AC-4CC0-A6F2-AD97F46185B3}.Debug|x64.Deploy.0 = Debug|x64
		{FC4F32DC-C1AC-4CC0-A6F2-AD97F46185B3}.Debug|x86.ActiveCfg = Debug|x86
		{FC4F32DC-C1AC-4CC0-A6F2-AD97F46185B3}.Debug|x86.Build.0 = Debug|x86
		{FC4F32DC-C1AC-4CC0-A6F2-AD97F46185B3}.Debug|x86.Deploy.0 = Debug|x86
		{FC4F32DC-C1AC-4CC0-A6F2-AD97F46185B3}.Release|Any CPU.ActiveCfg = Release|x86
		{FC4F32DC-C1AC-4CC0-A6F2-AD97F46185B3}.Release|ARM.ActiveCfg = Release|ARM
		{FC4F32DC-C1AC-4CC0-A6F2-AD97F46185B3}.Release|ARM.Build.0 = Release|ARM
		{FC4F32DC-C1AC-4CC0-A6F2-AD97F46185B3}.Release|ARM.Deploy.0 = Release|ARM
		{FC4F32DC-C1AC-4CC0-A6F2-AD97F46185B3}.Release|x64.ActiveCfg = Release|x64
		{FC4F32DC-C1AC-4CC0-A6F2-AD97F46185B3}.Release|x64.Build.0 = Release|x64
		{FC4F32DC-C1AC-4CC0-A6F2-AD97F46185B3}.Release|x64.Deploy.0 = Release|x64
		{FC4F32DC-C1AC-4CC0-A6F2-AD97F46185B3}.Release|x86.ActiveCfg = Release|x86
		{FC4F32DC-C1AC-4CC0-A6F2-AD97F46185B3}.Release|x86.Build.0 = Release|x86
		{FC4F32DC-C1AC-4CC0-A6F2-AD97F46185B3}.Release|x86.Deploy.0 = Release|x86
		{14128B7C-3049-4D73-B69F-84ED451FCE9F}.Debug|Any CPU.ActiveCfg = Debug|x86
		{14128B7C-3049-4D73-B69F-84ED451FCE9F}.Debug|ARM.ActiveCfg = Debug|ARM
		{14128B7C-3049-4D73-B69F-84ED451FCE9F}.Debug|ARM.Build.0 = Debug|ARM
		{14128B7C-3049-4D73-B69F-84ED451FCE9F}.Debug|ARM.Deploy.0 = Debug|ARM
		{14128B7C-3049-4D73-B69F-84ED451FCE9F}.Debug|x64.ActiveCfg = Debug|x64
		{14128B7C-3049-4D73-B69F-84ED451FCE9F}.Debug|x64.Build.0 = Debug|x64
		{14128B7C-3049-4D73-B69F-84ED451FCE9F}.Debug|x64.Deploy.0 = Debug|x64
		{14128B7C-3049-4D73-B69F-84ED451FCE9F}.Debug|x86.ActiveCfg = Debug|x86
		{14128B7C-3049-4D73-B69F-84ED451FCE9F}.Debug|x86.Build.0 = Debug|x86
		{14128B7C-3049-4D73-B69F-84ED451FCE9F}.Debug|x86.Deploy.0 = Debug|x86
		{14128B7C-3049-4D73-B69F-84ED451FCE9F}.Release|Any CPU.ActiveCfg = Release|x86
		{14128B7C-3049-4D73-B69F-84ED451FCE9F}.Release|ARM.ActiveCfg = Release|ARM
		{14128B7C-3049-4D73-B69F-84ED451FCE9F}.Release|ARM.Build.0 = Release|ARM
		{14128B7C-3049-4D73-B69F-84ED451FCE9F}.Release|ARM.Deploy.0 = Release|ARM
		{14128B7C-3049-4D73-B69F-84ED451FCE9F}.Release|x64.ActiveCfg = Release|x64
		{14128B7C-3049-4D73-B69F-84ED451FCE9F}.Release|x64.Build.0 = Release|x64
		{14128B7C-3049-4D73-B69F-84ED451FCE9F}.Release|x64.Deploy.0 = Release|x64
		{14128B7C-3049-4D73-B69F-84ED451FCE9F}.Release|x86.ActiveCfg = Release|x86
		{14128B7C-3049-4D73-B69F-84ED451FCE9F}.Release|x86.Build.0 = Release|x86
		{14128B7C-3049-4D73-B69F-84ED451FCE9F}.Release|x86.Deploy.0 = Release|x86
	EndGlobalSection
	GlobalSection(SolutionProperties) = preSolution
		HideSolutionNode = FALSE
	EndGlobalSection
EndGlobal
